// !$*UTF8*$!
{
	archiveVersion = 1;
	classes = {
	};
	objectVersion = 77;
	objects = {

/* Begin PBXContainerItemProxy section */
		869DC0992ED5947D0093385C /* PBXContainerItemProxy */ = {
			isa = PBXContainerItemProxy;
			containerPortal = 869DC0832ED5947B0093385C /* Project object */;
			proxyType = 1;
			remoteGlobalIDString = 869DC08A2ED5947B0093385C;
			remoteInfo = SecurityByDesign;
		};
		869DC0A32ED5947D0093385C /* PBXContainerItemProxy */ = {
			isa = PBXContainerItemProxy;
			containerPortal = 869DC0832ED5947B0093385C /* Project object */;
			proxyType = 1;
			remoteGlobalIDString = 869DC08A2ED5947B0093385C;
			remoteInfo = SecurityByDesign;
		};
/* End PBXContainerItemProxy section */

/* Begin PBXFileReference section */
		869DC08B2ED5947B0093385C /* SecurityByDesign.app */ = {isa = PBXFileReference; explicitFileType = wrapper.application; includeInIndex = 0; path = SecurityByDesign.app; sourceTree = BUILT_PRODUCTS_DIR; };
		869DC0982ED5947D0093385C /* SecurityByDesignTests.xctest */ = {isa = PBXFileReference; explicitFileType = wrapper.cfbundle; includeInIndex = 0; path = SecurityByDesignTests.xctest; sourceTree = BUILT_PRODUCTS_DIR; };
		869DC0A22ED5947D0093385C /* SecurityByDesignUITests.xctest */ = {isa = PBXFileReference; explicitFileType = wrapper.cfbundle; includeInIndex = 0; path = SecurityByDesignUITests.xctest; sourceTree = BUILT_PRODUCTS_DIR; };
/* End PBXFileReference section */

/* Begin PBXFileSystemSynchronizedRootGroup section */
		869DC08D2ED5947B0093385C /* SecurityByDesign */ = {
			isa = PBXFileSystemSynchronizedRootGroup;
			path = SecurityByDesign;
			sourceTree = "<group>";
		};
		869DC09B2ED5947D0093385C /* SecurityByDesignTests */ = {
			isa = PBXFileSystemSynchronizedRootGroup;
			path = SecurityByDesignTests;
			sourceTree = "<group>";
		};
		869DC0A52ED5947D0093385C /* SecurityByDesignUITests */ = {
			isa = PBXFileSystemSynchronizedRootGroup;
			path = SecurityByDesignUITests;
			sourceTree = "<group>";
		};
/* End PBXFileSystemSynchronizedRootGroup section */

/* Begin PBXFrameworksBuildPhase section */
		869DC0882ED5947B0093385C /* Frameworks */ = {
			isa = PBXFrameworksBuildPhase;
			buildActionMask = 2147483647;
			files = (
			);
			runOnlyForDeploymentPostprocessing = 0;
		};
		869DC0952ED5947D0093385C /* Frameworks */ = {
			isa = PBXFrameworksBuildPhase;
			buildActionMask = 2147483647;
			files = (
			);
			runOnlyForDeploymentPostprocessing = 0;
		};
		869DC09F2ED5947D0093385C /* Frameworks */ = {
			isa = PBXFrameworksBuildPhase;
			buildActionMask = 2147483647;
			files = (
			);
			runOnlyForDeploymentPostprocessing = 0;
		};
/* End PBXFrameworksBuildPhase section */

/* Begin PBXGroup section */
		869DC0822ED5947B0093385C = {
			isa = PBXGroup;
			children = (
				869DC08D2ED5947B0093385C /* SecurityByDesign */,
				869DC09B2ED5947D0093385C /* SecurityByDesignTests */,
				869DC0A52ED5947D0093385C /* SecurityByDesignUITests */,
				869DC08C2ED5947B0093385C /* Products */,
			);
			sourceTree = "<group>";
		};
		869DC08C2ED5947B0093385C /* Products */ = {
			isa = PBXGroup;
			children = (
				869DC08B2ED5947B0093385C /* SecurityByDesign.app */,
				869DC0982ED5947D0093385C /* SecurityByDesignTests.xctest */,
				869DC0A22ED5947D0093385C /* SecurityByDesignUITests.xctest */,
			);
			name = Products;
			sourceTree = "<group>";
		};
/* End PBXGroup section */

/* Begin PBXNativeTarget section */
		869DC08A2ED5947B0093385C /* SecurityByDesign */ = {
			isa = PBXNativeTarget;
			buildConfigurationList = 869DC0AC2ED5947D0093385C /* Build configuration list for PBXNativeTarget "SecurityByDesign" */;
			buildPhases = (
				869DC0872ED5947B0093385C /* Sources */,
				869DC0882ED5947B0093385C /* Frameworks */,
				869DC0892ED5947B0093385C /* Resources */,
			);
			buildRules = (
			);
			dependencies = (
			);
			fileSystemSynchronizedGroups = (
				869DC08D2ED5947B0093385C /* SecurityByDesign */,
			);
			name = SecurityByDesign;
			packageProductDependencies = (
			);
			productName = SecurityByDesign;
			productReference = 869DC08B2ED5947B0093385C /* SecurityByDesign.app */;
			productType = "com.apple.product-type.application";
		};
		869DC0972ED5947D0093385C /* SecurityByDesignTests */ = {
			isa = PBXNativeTarget;
			buildConfigurationList = 869DC0AF2ED5947D0093385C /* Build configuration list for PBXNativeTarget "SecurityByDesignTests" */;
			buildPhases = (
				869DC0942ED5947D0093385C /* Sources */,
				869DC0952ED5947D0093385C /* Frameworks */,
				869DC0962ED5947D0093385C /* Resources */,
			);
			buildRules = (
			);
			dependencies = (
				869DC09A2ED5947D0093385C /* PBXTargetDependency */,
			);
			fileSystemSynchronizedGroups = (
				869DC09B2ED5947D0093385C /* SecurityByDesignTests */,
			);
			name = SecurityByDesignTests;
			packageProductDependencies = (
			);
			productName = SecurityByDesignTests;
			productReference = 869DC0982ED5947D0093385C /* SecurityByDesignTests.xctest */;
			productType = "com.apple.product-type.bundle.unit-test";
		};
		869DC0A12ED5947D0093385C /* SecurityByDesignUITests */ = {
			isa = PBXNativeTarget;
			buildConfigurationList = 869DC0B22ED5947D0093385C /* Build configuration list for PBXNativeTarget "SecurityByDesignUITests" */;
			buildPhases = (
				869DC09E2ED5947D0093385C /* Sources */,
				869DC09F2ED5947D0093385C /* Frameworks */,
				869DC0A02ED5947D0093385C /* Resources */,
			);
			buildRules = (
			);
			dependencies = (
				869DC0A42ED5947D0093385C /* PBXTargetDependency */,
			);
			fileSystemSynchronizedGroups = (
				869DC0A52ED5947D0093385C /* SecurityByDesignUITests */,
			);
			name = SecurityByDesignUITests;
			packageProductDependencies = (
			);
			productName = SecurityByDesignUITests;
			productReference = 869DC0A22ED5947D0093385C /* SecurityByDesignUITests.xctest */;
			productType = "com.apple.product-type.bundle.ui-testing";
		};
/* End PBXNativeTarget section */

/* Begin PBXProject section */
		869DC0832ED5947B0093385C /* Project object */ = {
			isa = PBXProject;
			attributes = {
				BuildIndependentTargetsInParallel = 1;
				LastSwiftUpdateCheck = 1640;
				LastUpgradeCheck = 1640;
				TargetAttributes = {
					869DC08A2ED5947B0093385C = {
						CreatedOnToolsVersion = 16.4;
					};
					869DC0972ED5947D0093385C = {
						CreatedOnToolsVersion = 16.4;
						TestTargetID = 869DC08A2ED5947B0093385C;
					};
					869DC0A12ED5947D0093385C = {
						CreatedOnToolsVersion = 16.4;
						TestTargetID = 869DC08A2ED5947B0093385C;
					};
				};
			};
			buildConfigurationList = 869DC0862ED5947B0093385C /* Build configuration list for PBXProject "SecurityByDesign" */;
			developmentRegion = en;
			hasScannedForEncodings = 0;
			knownRegions = (
				en,
				Base,
			);
			mainGroup = 869DC0822ED5947B0093385C;
			minimizedProjectReferenceProxies = 1;
			preferredProjectObjectVersion = 77;
			productRefGroup = 869DC08C2ED5947B0093385C /* Products */;
			projectDirPath = "";
			projectRoot = "";
			targets = (
				869DC08A2ED5947B0093385C /* SecurityByDesign */,
				869DC0972ED5947D0093385C /* SecurityByDesignTests */,
				869DC0A12ED5947D0093385C /* SecurityByDesignUITests */,
			);
		};
/* End PBXProject section */

/* Begin PBXResourcesBuildPhase section */
		869DC0892ED5947B0093385C /* Resources */ = {
			isa = PBXResourcesBuildPhase;
			buildActionMask = 2147483647;
			files = (
			);
			runOnlyForDeploymentPostprocessing = 0;
		};
		869DC0962ED5947D0093385C /* Resources */ = {
			isa = PBXResourcesBuildPhase;
			buildActionMask = 2147483647;
			files = (
			);
			runOnlyForDeploymentPostprocessing = 0;
		};
		869DC0A02ED5947D0093385C /* Resources */ = {
			isa = PBXResourcesBuildPhase;
			buildActionMask = 2147483647;
			files = (
			);
			runOnlyForDeploymentPostprocessing = 0;
		};
/* End PBXResourcesBuildPhase section */

/* Begin PBXSourcesBuildPhase section */
		869DC0872ED5947B0093385C /* Sources */ = {
			isa = PBXSourcesBuildPhase;
			buildActionMask = 2147483647;
			files = (
			);
			runOnlyForDeploymentPostprocessing = 0;
		};
		869DC0942ED5947D0093385C /* Sources */ = {
			isa = PBXSourcesBuildPhase;
			buildActionMask = 2147483647;
			files = (
			);
			runOnlyForDeploymentPostprocessing = 0;
		};
		869DC09E2ED5947D0093385C /* Sources */ = {
			isa = PBXSourcesBuildPhase;
			buildActionMask = 2147483647;
			files = (
			);
			runOnlyForDeploymentPostprocessing = 0;
		};
/* End PBXSourcesBuildPhase section */

/* Begin PBXTargetDependency section */
		869DC09A2ED5947D0093385C /* PBXTargetDependency */ = {
			isa = PBXTargetDependency;
			target = 869DC08A2ED5947B0093385C /* SecurityByDesign */;
			targetProxy = 869DC0992ED5947D0093385C /* PBXContainerItemProxy */;
		};
		869DC0A42ED5947D0093385C /* PBXTargetDependency */ = {
			isa = PBXTargetDependency;
			target = 869DC08A2ED5947B0093385C /* SecurityByDesign */;
			targetProxy = 869DC0A32ED5947D0093385C /* PBXContainerItemProxy */;
		};
/* End PBXTargetDependency section */

/* Begin XCBuildConfiguration section */
		869DC0AA2ED5947D0093385C /* Debug */ = {
			isa = XCBuildConfiguration;
			buildSettings = {
				ALWAYS_SEARCH_USER_PATHS = NO;
				ASSETCATALOG_COMPILER_GENERATE_SWIFT_ASSET_SYMBOL_EXTENSIONS = YES;
				CLANG_ANALYZER_NONNULL = YES;
				CLANG_ANALYZER_NUMBER_OBJECT_CONVERSION = YES_AGGRESSIVE;
				CLANG_CXX_LANGUAGE_STANDARD = "gnu++20";
				CLANG_ENABLE_MODULES = YES;
				CLANG_ENABLE_OBJC_ARC = YES;
				CLANG_ENABLE_OBJC_WEAK = YES;
				CLANG_WARN_BLOCK_CAPTURE_AUTORELEASING = YES;
				CLANG_WARN_BOOL_CONVERSION = YES;
				CLANG_WARN_COMMA = YES;
				CLANG_WARN_CONSTANT_CONVERSION = YES;
				CLANG_WARN_DEPRECATED_OBJC_IMPLEMENTATIONS = YES;
				CLANG_WARN_DIRECT_OBJC_ISA_USAGE = YES_ERROR;
				CLANG_WARN_DOCUMENTATION_COMMENTS = YES;
				CLANG_WARN_EMPTY_BODY = YES;
				CLANG_WARN_ENUM_CONVERSION = YES;
				CLANG_WARN_INFINITE_RECURSION = YES;
				CLANG_WARN_INT_CONVERSION = YES;
				CLANG_WARN_NON_LITERAL_NULL_CONVERSION = YES;
				CLANG_WARN_OBJC_IMPLICIT_RETAIN_SELF = YES;
				CLANG_WARN_OBJC_LITERAL_CONVERSION = YES;
				CLANG_WARN_OBJC_ROOT_CLASS = YES_ERROR;
				CLANG_WARN_QUOTED_INCLUDE_IN_FRAMEWORK_HEADER = YES;
				CLANG_WARN_RANGE_LOOP_ANALYSIS = YES;
				CLANG_WARN_STRICT_PROTOTYPES = YES;
				CLANG_WARN_SUSPICIOUS_MOVE = YES;
				CLANG_WARN_UNGUARDED_AVAILABILITY = YES_AGGRESSIVE;
				CLANG_WARN_UNREACHABLE_CODE = YES;
				CLANG_WARN__DUPLICATE_METHOD_MATCH = YES;
				COPY_PHASE_STRIP = NO;
				DEBUG_INFORMATION_FORMAT = dwarf;
				DEVELOPMENT_TEAM = Q9GMKCF5AD;
				ENABLE_STRICT_OBJC_MSGSEND = YES;
				ENABLE_TESTABILITY = YES;
				ENABLE_USER_SCRIPT_SANDBOXING = YES;
				GCC_C_LANGUAGE_STANDARD = gnu17;
				GCC_DYNAMIC_NO_PIC = NO;
				GCC_NO_COMMON_BLOCKS = YES;
				GCC_OPTIMIZATION_LEVEL = 0;
				GCC_PREPROCESSOR_DEFINITIONS = (
					"DEBUG=1",
					"$(inherited)",
				);
				GCC_WARN_64_TO_32_BIT_CONVERSION = YES;
				GCC_WARN_ABOUT_RETURN_TYPE = YES_ERROR;
				GCC_WARN_UNDECLARED_SELECTOR = YES;
				GCC_WARN_UNINITIALIZED_AUTOS = YES_AGGRESSIVE;
				GCC_WARN_UNUSED_FUNCTION = YES;
				GCC_WARN_UNUSED_VARIABLE = YES;
				IPHONEOS_DEPLOYMENT_TARGET = 18.5;
				LOCALIZATION_PREFERS_STRING_CATALOGS = YES;
				MTL_ENABLE_DEBUG_INFO = INCLUDE_SOURCE;
				MTL_FAST_MATH = YES;
				ONLY_ACTIVE_ARCH = YES;
				SDKROOT = iphoneos;
				SWIFT_ACTIVE_COMPILATION_CONDITIONS = "DEBUG $(inherited)";
				SWIFT_OPTIMIZATION_LEVEL = "-Onone";
			};
			name = Debug;
		};
		869DC0AB2ED5947D0093385C /* Release */ = {
			isa = XCBuildConfiguration;
			buildSettings = {
				ALWAYS_SEARCH_USER_PATHS = NO;
				ASSETCATALOG_COMPILER_GENERATE_SWIFT_ASSET_SYMBOL_EXTENSIONS = YES;
				CLANG_ANALYZER_NONNULL = YES;
				CLANG_ANALYZER_NUMBER_OBJECT_CONVERSION = YES_AGGRESSIVE;
				CLANG_CXX_LANGUAGE_STANDARD = "gnu++20";
				CLANG_ENABLE_MODULES = YES;
				CLANG_ENABLE_OBJC_ARC = YES;
				CLANG_ENABLE_OBJC_WEAK = YES;
				CLANG_WARN_BLOCK_CAPTURE_AUTORELEASING = YES;
				CLANG_WARN_BOOL_CONVERSION = YES;
				CLANG_WARN_COMMA = YES;
				CLANG_WARN_CONSTANT_CONVERSION = YES;
				CLANG_WARN_DEPRECATED_OBJC_IMPLEMENTATIONS = YES;
				CLANG_WARN_DIRECT_OBJC_ISA_USAGE = YES_ERROR;
				CLANG_WARN_DOCUMENTATION_COMMENTS = YES;
				CLANG_WARN_EMPTY_BODY = YES;
				CLANG_WARN_ENUM_CONVERSION = YES;
				CLANG_WARN_INFINITE_RECURSION = YES;
				CLANG_WARN_INT_CONVERSION = YES;
				CLANG_WARN_NON_LITERAL_NULL_CONVERSION = YES;
				CLANG_WARN_OBJC_IMPLICIT_RETAIN_SELF = YES;
				CLANG_WARN_OBJC_LITERAL_CONVERSION = YES;
				CLANG_WARN_OBJC_ROOT_CLASS = YES_ERROR;
				CLANG_WARN_QUOTED_INCLUDE_IN_FRAMEWORK_HEADER = YES;
				CLANG_WARN_RANGE_LOOP_ANALYSIS = YES;
				CLANG_WARN_STRICT_PROTOTYPES = YES;
				CLANG_WARN_SUSPICIOUS_MOVE = YES;
				CLANG_WARN_UNGUARDED_AVAILABILITY = YES_AGGRESSIVE;
				CLANG_WARN_UNREACHABLE_CODE = YES;
				CLANG_WARN__DUPLICATE_METHOD_MATCH = YES;
				COPY_PHASE_STRIP = NO;
				DEBUG_INFORMATION_FORMAT = "dwarf-with-dsym";
				DEVELOPMENT_TEAM = Q9GMKCF5AD;
				ENABLE_NS_ASSERTIONS = NO;
				ENABLE_STRICT_OBJC_MSGSEND = YES;
				ENABLE_USER_SCRIPT_SANDBOXING = YES;
				GCC_C_LANGUAGE_STANDARD = gnu17;
				GCC_NO_COMMON_BLOCKS = YES;
				GCC_WARN_64_TO_32_BIT_CONVERSION = YES;
				GCC_WARN_ABOUT_RETURN_TYPE = YES_ERROR;
				GCC_WARN_UNDECLARED_SELECTOR = YES;
				GCC_WARN_UNINITIALIZED_AUTOS = YES_AGGRESSIVE;
				GCC_WARN_UNUSED_FUNCTION = YES;
				GCC_WARN_UNUSED_VARIABLE = YES;
				IPHONEOS_DEPLOYMENT_TARGET = 18.5;
				LOCALIZATION_PREFERS_STRING_CATALOGS = YES;
				MTL_ENABLE_DEBUG_INFO = NO;
				MTL_FAST_MATH = YES;
				SDKROOT = iphoneos;
				SWIFT_COMPILATION_MODE = wholemodule;
				VALIDATE_PRODUCT = YES;
			};
			name = Release;
		};
		869DC0AD2ED5947D0093385C /* Debug */ = {
			isa = XCBuildConfiguration;
			buildSettings = {
				ASSETCATALOG_COMPILER_APPICON_NAME = AppIcon;
				ASSETCATALOG_COMPILER_GLOBAL_ACCENT_COLOR_NAME = AccentColor;
				CODE_SIGN_STYLE = Automatic;
				CURRENT_PROJECT_VERSION = 1;
				DEVELOPMENT_TEAM = Q9GMKCF5AD;
				ENABLE_PREVIEWS = YES;
				GENERATE_INFOPLIST_FILE = YES;
				INFOPLIST_KEY_UIApplicationSceneManifest_Generation = YES;
				INFOPLIST_KEY_UIApplicationSupportsIndirectInputEvents = YES;
				INFOPLIST_KEY_UILaunchScreen_Generation = YES;
				INFOPLIST_KEY_UISupportedInterfaceOrientations_iPad = "UIInterfaceOrientationPortrait UIInterfaceOrientationPortraitUpsideDown UIInterfaceOrientationLandscapeLeft UIInterfaceOrientationLandscapeRight";
				INFOPLIST_KEY_UISupportedInterfaceOrientations_iPhone = "UIInterfaceOrientationPortrait UIInterfaceOrientationLandscapeLeft UIInterfaceOrientationLandscapeRight";
				LD_RUNPATH_SEARCH_PATHS = (
					"$(inherited)",
					"@executable_path/Frameworks",
				);
				MARKETING_VERSION = 1.0;
				PRODUCT_BUNDLE_IDENTIFIER = michalkoks.SecurityByDesign;
				PRODUCT_NAME = "$(TARGET_NAME)";
				SWIFT_EMIT_LOC_STRINGS = YES;
				SWIFT_VERSION = 5.0;
				TARGETED_DEVICE_FAMILY = "1,2";
			};
			name = Debug;
		};
		869DC0AE2ED5947D0093385C /* Release */ = {
			isa = XCBuildConfiguration;
			buildSettings = {
				ASSETCATALOG_COMPILER_APPICON_NAME = AppIcon;
				ASSETCATALOG_COMPILER_GLOBAL_ACCENT_COLOR_NAME = AccentColor;
				CODE_SIGN_STYLE = Automatic;
				CURRENT_PROJECT_VERSION = 1;
				DEVELOPMENT_TEAM = Q9GMKCF5AD;
				ENABLE_PREVIEWS = YES;
				GENERATE_INFOPLIST_FILE = YES;
				INFOPLIST_KEY_UIApplicationSceneManifest_Generation = YES;
				INFOPLIST_KEY_UIApplicationSupportsIndirectInputEvents = YES;
				INFOPLIST_KEY_UILaunchScreen_Generation = YES;
				INFOPLIST_KEY_UISupportedInterfaceOrientations_iPad = "UIInterfaceOrientationPortrait UIInterfaceOrientationPortraitUpsideDown UIInterfaceOrientationLandscapeLeft UIInterfaceOrientationLandscapeRight";
				INFOPLIST_KEY_UISupportedInterfaceOrientations_iPhone = "UIInterfaceOrientationPortrait UIInterfaceOrientationLandscapeLeft UIInterfaceOrientationLandscapeRight";
				LD_RUNPATH_SEARCH_PATHS = (
					"$(inherited)",
					"@executable_path/Frameworks",
				);
				MARKETING_VERSION = 1.0;
				PRODUCT_BUNDLE_IDENTIFIER = michalkoks.SecurityByDesign;
				PRODUCT_NAME = "$(TARGET_NAME)";
				SWIFT_EMIT_LOC_STRINGS = YES;
				SWIFT_VERSION = 5.0;
				TARGETED_DEVICE_FAMILY = "1,2";
			};
			name = Release;
		};
		869DC0B02ED5947D0093385C /* Debug */ = {
			isa = XCBuildConfiguration;
			buildSettings = {
				BUNDLE_LOADER = "$(TEST_HOST)";
				CODE_SIGN_STYLE = Automatic;
				CURRENT_PROJECT_VERSION = 1;
				DEVELOPMENT_TEAM = Q9GMKCF5AD;
				GENERATE_INFOPLIST_FILE = YES;
				IPHONEOS_DEPLOYMENT_TARGET = 18.5;
				MARKETING_VERSION = 1.0;
				PRODUCT_BUNDLE_IDENTIFIER = michalkoks.SecurityByDesignTests;
				PRODUCT_NAME = "$(TARGET_NAME)";
				SWIFT_EMIT_LOC_STRINGS = NO;
				SWIFT_VERSION = 5.0;
				TARGETED_DEVICE_FAMILY = "1,2";
				TEST_HOST = "$(BUILT_PRODUCTS_DIR)/SecurityByDesign.app/$(BUNDLE_EXECUTABLE_FOLDER_PATH)/SecurityByDesign";
			};
			name = Debug;
		};
		869DC0B12ED5947D0093385C /* Release */ = {
			isa = XCBuildConfiguration;
			buildSettings = {
				BUNDLE_LOADER = "$(TEST_HOST)";
				CODE_SIGN_STYLE = Automatic;
				CURRENT_PROJECT_VERSION = 1;
				DEVELOPMENT_TEAM = Q9GMKCF5AD;
				GENERATE_INFOPLIST_FILE = YES;
				IPHONEOS_DEPLOYMENT_TARGET = 18.5;
				MARKETING_VERSION = 1.0;
				PRODUCT_BUNDLE_IDENTIFIER = michalkoks.SecurityByDesignTests;
				PRODUCT_NAME = "$(TARGET_NAME)";
				SWIFT_EMIT_LOC_STRINGS = NO;
				SWIFT_VERSION = 5.0;
				TARGETED_DEVICE_FAMILY = "1,2";
				TEST_HOST = "$(BUILT_PRODUCTS_DIR)/SecurityByDesign.app/$(BUNDLE_EXECUTABLE_FOLDER_PATH)/SecurityByDesign";
			};
			name = Release;
		};
		869DC0B32ED5947D0093385C /* Debug */ = {
			isa = XCBuildConfiguration;
			buildSettings = {
				CODE_SIGN_STYLE = Automatic;
				CURRENT_PROJECT_VERSION = 1;
				DEVELOPMENT_TEAM = Q9GMKCF5AD;
				GENERATE_INFOPLIST_FILE = YES;
				MARKETING_VERSION = 1.0;
				PRODUCT_BUNDLE_IDENTIFIER = michalkoks.SecurityByDesignUITests;
				PRODUCT_NAME = "$(TARGET_NAME)";
				SWIFT_EMIT_LOC_STRINGS = NO;
				SWIFT_VERSION = 5.0;
				TARGETED_DEVICE_FAMILY = "1,2";
				TEST_TARGET_NAME = SecurityByDesign;
			};
			name = Debug;
		};
		869DC0B42ED5947D0093385C /* Release */ = {
			isa = XCBuildConfiguration;
			buildSettings = {
				CODE_SIGN_STYLE = Automatic;
				CURRENT_PROJECT_VERSION = 1;
				DEVELOPMENT_TEAM = Q9GMKCF5AD;
				GENERATE_INFOPLIST_FILE = YES;
				MARKETING_VERSION = 1.0;
				PRODUCT_BUNDLE_IDENTIFIER = michalkoks.SecurityByDesignUITests;
				PRODUCT_NAME = "$(TARGET_NAME)";
				SWIFT_EMIT_LOC_STRINGS = NO;
				SWIFT_VERSION = 5.0;
				TARGETED_DEVICE_FAMILY = "1,2";
				TEST_TARGET_NAME = SecurityByDesign;
			};
			name = Release;
		};
/* End XCBuildConfiguration section */

/* Begin XCConfigurationList section */
		869DC0862ED5947B0093385C /* Build configuration list for PBXProject "SecurityByDesign" */ = {
			isa = XCConfigurationList;
			buildConfigurations = (
				869DC0AA2ED5947D0093385C /* Debug */,
				869DC0AB2ED5947D0093385C /* Release */,
			);
			defaultConfigurationIsVisible = 0;
			defaultConfigurationName = Release;
		};
		869DC0AC2ED5947D0093385C /* Build configuration list for PBXNativeTarget "SecurityByDesign" */ = {
			isa = XCConfigurationList;
			buildConfigurations = (
				869DC0AD2ED5947D0093385C /* Debug */,
				869DC0AE2ED5947D0093385C /* Release */,
			);
			defaultConfigurationIsVisible = 0;
			defaultConfigurationName = Release;
		};
		869DC0AF2ED5947D0093385C /* Build configuration list for PBXNativeTarget "SecurityByDesignTests" */ = {
			isa = XCConfigurationList;
			buildConfigurations = (
				869DC0B02ED5947D0093385C /* Debug */,
				869DC0B12ED5947D0093385C /* Release */,
			);
			defaultConfigurationIsVisible = 0;
			defaultConfigurationName = Release;
		};
		869DC0B22ED5947D0093385C /* Build configuration list for PBXNativeTarget "SecurityByDesignUITests" */ = {
			isa = XCConfigurationList;
			buildConfigurations = (
				869DC0B32ED5947D0093385C /* Debug */,
				869DC0B42ED5947D0093385C /* Release */,
			);
			defaultConfigurationIsVisible = 0;
			defaultConfigurationName = Release;
		};
/* End XCConfigurationList section */
	};
	rootObject = 869DC0832ED5947B0093385C /* Project object */;
}
